<?xml version="1.0" encoding="utf-8"?>
<Project ToolsVersion="4.0" xmlns="http://schemas.microsoft.com/developer/msbuild/2003">
  <ItemGroup>
    <Filter Include="Исходные файлы">
      <UniqueIdentifier>{4FC737F1-C7A5-4376-A066-2A32D752A2FF}</UniqueIdentifier>
      <Extensions>cpp;c;cc;cxx;c++;cppm;ixx;def;odl;idl;hpj;bat;asm;asmx</Extensions>
    </Filter>
    <Filter Include="Файлы заголовков">
      <UniqueIdentifier>{93995380-89BD-4b04-88EB-625FBE52EBFB}</UniqueIdentifier>
      <Extensions>h;hh;hpp;hxx;h++;hm;inl;inc;ipp;xsd</Extensions>
    </Filter>
    <Filter Include="Файлы ресурсов">
      <UniqueIdentifier>{67DA6AB6-F800-4c08-8B7A-83BB121AAD01}</UniqueIdentifier>
      <Extensions>rc;ico;cur;bmp;dlg;rc2;rct;bin;rgs;gif;jpg;jpeg;jpe;resx;tiff;tif;png;wav;mfcribbon-ms</Extensions>
    </Filter>
  </ItemGroup>
  <ItemGroup>
    <ClInclude Include="Antenna.hpp">
      <Filter>Файлы ресурсов</Filter>
    </ClInclude>
    <ClInclude Include="ComPort.hpp">
      <Filter>Файлы ресурсов</Filter>
    </ClInclude>
    <ClInclude Include="Handle.hpp">
      <Filter>Файлы ресурсов</Filter>
    </ClInclude>
    <ClInclude Include="PortCommand.hpp">
      <Filter>Файлы ресурсов</Filter>
    </ClInclude>
    <ClInclude Include="Satellite.hpp">
      <Filter>Файлы ресурсов</Filter>
    </ClInclude>
    <ClInclude Include="SatelliteTrack.hpp">
      <Filter>Файлы ресурсов</Filter>
    </ClInclude>
    <ClInclude Include="TleData.hpp">
      <Filter>Файлы ресурсов</Filter>
    </ClInclude>
    <ClInclude Include="SatTrackInterface.hpp">
      <Filter>Файлы ресурсов</Filter>
    </ClInclude>
    <ClInclude Include="Program.hpp">
      <Filter>Файлы ресурсов</Filter>
    </ClInclude>
  </ItemGroup>
  <ItemGroup>
    <ClCompile Include="ComPort.cpp">
      <Filter>Файлы ресурсов</Filter>
    </ClCompile>
    <ClCompile Include="master.cpp">
      <Filter>Файлы ресурсов</Filter>
    </ClCompile>
    <ClCompile Include="libsgp4\CoordGeodetic.cc">
      <Filter>Исходные файлы</Filter>
    </ClCompile>
    <ClCompile Include="libsgp4\CoordTopocentric.cc">
      <Filter>Исходные файлы</Filter>
    </ClCompile>
    <ClCompile Include="libsgp4\DateTime.cc">
      <Filter>Исходные файлы</Filter>
    </ClCompile>
    <ClCompile Include="libsgp4\DecayedException.cc">
      <Filter>Исходные файлы</Filter>
    </ClCompile>
    <ClCompile Include="libsgp4\Eci.cc">
      <Filter>Исходные файлы</Filter>
    </ClCompile>
    <ClCompile Include="libsgp4\Globals.cc">
      <Filter>Исходные файлы</Filter>
    </ClCompile>
    <ClCompile Include="libsgp4\Observer.cc">
      <Filter>Исходные файлы</Filter>
    </ClCompile>
    <ClCompile Include="libsgp4\OrbitalElements.cc">
      <Filter>Исходные файлы</Filter>
    </ClCompile>
    <ClCompile Include="libsgp4\SatelliteException.cc">
      <Filter>Исходные файлы</Filter>
    </ClCompile>
    <ClCompile Include="libsgp4\SGP4.cc">
      <Filter>Исходные файлы</Filter>
    </ClCompile>
    <ClCompile Include="libsgp4\SolarPosition.cc">
      <Filter>Исходные файлы</Filter>
    </ClCompile>
    <ClCompile Include="libsgp4\TimeSpan.cc">
      <Filter>Исходные файлы</Filter>
    </ClCompile>
    <ClCompile Include="libsgp4\Tle.cc">
      <Filter>Исходные файлы</Filter>
    </ClCompile>
    <ClCompile Include="libsgp4\TleException.cc">
      <Filter>Исходные файлы</Filter>
    </ClCompile>
    <ClCompile Include="libsgp4\Vector.cc">
      <Filter>Исходные файлы</Filter>
    </ClCompile>
    <ClCompile Include="Handle.cpp">
      <Filter>Файлы ресурсов</Filter>
    </ClCompile>
    <ClCompile Include="PortCommand.cpp">
      <Filter>Файлы ресурсов</Filter>
    </ClCompile>
    <ClCompile Include="test.cpp">
      <Filter>Файлы ресурсов</Filter>
    </ClCompile>
    <ClCompile Include="User.cpp">
      <Filter>Файлы ресурсов</Filter>
    </ClCompile>
    <ClCompile Include="Satellite.cpp">
      <Filter>Файлы ресурсов</Filter>
    </ClCompile>
    <ClCompile Include="Program.cpp">
      <Filter>Файлы ресурсов</Filter>
    </ClCompile>
  </ItemGroup>
</Project>